// !$*UTF8*$!
{
	archiveVersion = 1;
	classes = {
	};
	objectVersion = 46;
	objects = {

/* Begin PBXBuildFile section */
		5A5EFA2B1CB875C1005A6845 /* libSOIL.dylib in Frameworks */ = {isa = PBXBuildFile; fileRef = 5A5EFA2A1CB875C1005A6845 /* libSOIL.dylib */; };
		5A5EFA2F1CB87AF3005A6845 /* container.jpg in CopyFiles */ = {isa = PBXBuildFile; fileRef = 5A5EFA2C1CB8778F005A6845 /* container.jpg */; settings = {ATTRIBUTES = (CodeSignOnCopy, ); }; };
		5A87977F1CB9966B00E043BD /* teapot_0.obj in CopyFiles */ = {isa = PBXBuildFile; fileRef = 5A87977E1CB9965F00E043BD /* teapot_0.obj */; settings = {ATTRIBUTES = (CodeSignOnCopy, ); }; };
		5AC5963C1CB88BD50085E67C /* advanced.frag in CopyFiles */ = {isa = PBXBuildFile; fileRef = 5AC5963A1CB88BA90085E67C /* advanced.frag */; settings = {ATTRIBUTES = (CodeSignOnCopy, ); }; };
		5AC5963D1CB88BD50085E67C /* advanced.vs in CopyFiles */ = {isa = PBXBuildFile; fileRef = 5AC5963B1CB88BA90085E67C /* advanced.vs */; settings = {ATTRIBUTES = (CodeSignOnCopy, ); }; };
		5AC596451CB88CB80085E67C /* back.jpg in CopyFiles */ = {isa = PBXBuildFile; fileRef = 5AC5963F1CB88CA90085E67C /* back.jpg */; settings = {ATTRIBUTES = (CodeSignOnCopy, ); }; };
		5AC596461CB88CB80085E67C /* bottom.jpg in CopyFiles */ = {isa = PBXBuildFile; fileRef = 5AC596401CB88CA90085E67C /* bottom.jpg */; settings = {ATTRIBUTES = (CodeSignOnCopy, ); }; };
		5AC596471CB88CB80085E67C /* front.jpg in CopyFiles */ = {isa = PBXBuildFile; fileRef = 5AC596411CB88CA90085E67C /* front.jpg */; settings = {ATTRIBUTES = (CodeSignOnCopy, ); }; };
		5AC596481CB88CB80085E67C /* left.jpg in CopyFiles */ = {isa = PBXBuildFile; fileRef = 5AC596421CB88CA90085E67C /* left.jpg */; settings = {ATTRIBUTES = (CodeSignOnCopy, ); }; };
		5AC596491CB88CB80085E67C /* right.jpg in CopyFiles */ = {isa = PBXBuildFile; fileRef = 5AC596431CB88CA90085E67C /* right.jpg */; settings = {ATTRIBUTES = (CodeSignOnCopy, ); }; };
		5AC5964A1CB88CB80085E67C /* top.jpg in CopyFiles */ = {isa = PBXBuildFile; fileRef = 5AC596441CB88CA90085E67C /* top.jpg */; settings = {ATTRIBUTES = (CodeSignOnCopy, ); }; };
		5AF0B8381C66970200EB7F7B /* main.cpp in Sources */ = {isa = PBXBuildFile; fileRef = 5AF0B8371C66970200EB7F7B /* main.cpp */; };
		5AF0B83F1C6698A300EB7F7B /* OpenGL.framework in Frameworks */ = {isa = PBXBuildFile; fileRef = 5AF0B83E1C6698A300EB7F7B /* OpenGL.framework */; };
		5AF0B8411C6698C500EB7F7B /* libglfw3.3.1.dylib in Frameworks */ = {isa = PBXBuildFile; fileRef = 5AF0B8401C6698C500EB7F7B /* libglfw3.3.1.dylib */; };
		5AF0B8431C66991100EB7F7B /* libGLEW.1.12.0.dylib in Frameworks */ = {isa = PBXBuildFile; fileRef = 5AF0B8421C66991100EB7F7B /* libGLEW.1.12.0.dylib */; };
		5AF0B8491C684FA100EB7F7B /* skybox.vs in CopyFiles */ = {isa = PBXBuildFile; fileRef = 5AF0B8461C6849E600EB7F7B /* skybox.vs */; settings = {ATTRIBUTES = (CodeSignOnCopy, ); }; };
		5AF0B84A1C684FA100EB7F7B /* skybox.frag in CopyFiles */ = {isa = PBXBuildFile; fileRef = 5AF0B8471C684A0700EB7F7B /* skybox.frag */; settings = {ATTRIBUTES = (CodeSignOnCopy, ); }; };
/* End PBXBuildFile section */

/* Begin PBXCopyFilesBuildPhase section */
		5AF0B8321C66970200EB7F7B /* CopyFiles */ = {
			isa = PBXCopyFilesBuildPhase;
			buildActionMask = 12;
			dstPath = "";
			dstSubfolderSpec = 16;
			files = (
				5A87977F1CB9966B00E043BD /* teapot_0.obj in CopyFiles */,
				5AC596451CB88CB80085E67C /* back.jpg in CopyFiles */,
				5AC596461CB88CB80085E67C /* bottom.jpg in CopyFiles */,
				5AC596471CB88CB80085E67C /* front.jpg in CopyFiles */,
				5AC596481CB88CB80085E67C /* left.jpg in CopyFiles */,
				5AC596491CB88CB80085E67C /* right.jpg in CopyFiles */,
				5AC5964A1CB88CB80085E67C /* top.jpg in CopyFiles */,
				5AC5963C1CB88BD50085E67C /* advanced.frag in CopyFiles */,
				5AC5963D1CB88BD50085E67C /* advanced.vs in CopyFiles */,
				5A5EFA2F1CB87AF3005A6845 /* container.jpg in CopyFiles */,
				5AF0B8491C684FA100EB7F7B /* skybox.vs in CopyFiles */,
				5AF0B84A1C684FA100EB7F7B /* skybox.frag in CopyFiles */,
			);
			runOnlyForDeploymentPostprocessing = 0;
		};
/* End PBXCopyFilesBuildPhase section */

/* Begin PBXFileReference section */
		5A5EFA2A1CB875C1005A6845 /* libSOIL.dylib */ = {isa = PBXFileReference; lastKnownFileType = "compiled.mach-o.dylib"; name = libSOIL.dylib; path = ../../libSOIL/libSOIL.dylib; sourceTree = "<group>"; };
		5A5EFA2C1CB8778F005A6845 /* container.jpg */ = {isa = PBXFileReference; lastKnownFileType = image.jpeg; path = container.jpg; sourceTree = "<group>"; };
		5A87977E1CB9965F00E043BD /* teapot_0.obj */ = {isa = PBXFileReference; fileEncoding = 4; lastKnownFileType = text; path = teapot_0.obj; sourceTree = "<group>"; };
		5A8797801CB99FD100E043BD /* load.h */ = {isa = PBXFileReference; lastKnownFileType = sourcecode.c.h; path = load.h; sourceTree = "<group>"; };
		5AC5963A1CB88BA90085E67C /* advanced.frag */ = {isa = PBXFileReference; fileEncoding = 4; lastKnownFileType = sourcecode.glsl; path = advanced.frag; sourceTree = "<group>"; };
		5AC5963B1CB88BA90085E67C /* advanced.vs */ = {isa = PBXFileReference; fileEncoding = 4; lastKnownFileType = sourcecode.glsl; path = advanced.vs; sourceTree = "<group>"; };
		5AC5963E1CB88C4C0085E67C /* camera.h */ = {isa = PBXFileReference; lastKnownFileType = sourcecode.c.h; path = camera.h; sourceTree = "<group>"; };
		5AC5963F1CB88CA90085E67C /* back.jpg */ = {isa = PBXFileReference; lastKnownFileType = image.jpeg; path = back.jpg; sourceTree = "<group>"; };
		5AC596401CB88CA90085E67C /* bottom.jpg */ = {isa = PBXFileReference; lastKnownFileType = image.jpeg; path = bottom.jpg; sourceTree = "<group>"; };
		5AC596411CB88CA90085E67C /* front.jpg */ = {isa = PBXFileReference; lastKnownFileType = image.jpeg; path = front.jpg; sourceTree = "<group>"; };
		5AC596421CB88CA90085E67C /* left.jpg */ = {isa = PBXFileReference; lastKnownFileType = image.jpeg; path = left.jpg; sourceTree = "<group>"; };
		5AC596431CB88CA90085E67C /* right.jpg */ = {isa = PBXFileReference; lastKnownFileType = image.jpeg; path = right.jpg; sourceTree = "<group>"; };
		5AC596441CB88CA90085E67C /* top.jpg */ = {isa = PBXFileReference; lastKnownFileType = image.jpeg; path = top.jpg; sourceTree = "<group>"; };
		5AF0B8341C66970200EB7F7B /* mp1 */ = {isa = PBXFileReference; explicitFileType = "compiled.mach-o.executable"; includeInIndex = 0; path = mp1; sourceTree = BUILT_PRODUCTS_DIR; };
		5AF0B8371C66970200EB7F7B /* main.cpp */ = {isa = PBXFileReference; lastKnownFileType = sourcecode.cpp.cpp; path = main.cpp; sourceTree = "<group>"; };
		5AF0B83E1C6698A300EB7F7B /* OpenGL.framework */ = {isa = PBXFileReference; lastKnownFileType = wrapper.framework; name = OpenGL.framework; path = System/Library/Frameworks/OpenGL.framework; sourceTree = SDKROOT; };
		5AF0B8401C6698C500EB7F7B /* libglfw3.3.1.dylib */ = {isa = PBXFileReference; lastKnownFileType = "compiled.mach-o.dylib"; name = libglfw3.3.1.dylib; path = ../../../../../usr/local/Cellar/glfw3/3.1.2/lib/libglfw3.3.1.dylib; sourceTree = "<group>"; };
		5AF0B8421C66991100EB7F7B /* libGLEW.1.12.0.dylib */ = {isa = PBXFileReference; lastKnownFileType = "compiled.mach-o.dylib"; name = libGLEW.1.12.0.dylib; path = ../../../../../usr/local/Cellar/glew/1.12.0/lib/libGLEW.1.12.0.dylib; sourceTree = "<group>"; };
		5AF0B8461C6849E600EB7F7B /* skybox.vs */ = {isa = PBXFileReference; fileEncoding = 4; lastKnownFileType = sourcecode.glsl; path = skybox.vs; sourceTree = "<group>"; };
		5AF0B8471C684A0700EB7F7B /* skybox.frag */ = {isa = PBXFileReference; fileEncoding = 4; lastKnownFileType = sourcecode.glsl; path = skybox.frag; sourceTree = "<group>"; };
		5AF0B8481C684A8A00EB7F7B /* shader.h */ = {isa = PBXFileReference; fileEncoding = 4; lastKnownFileType = sourcecode.c.h; path = shader.h; sourceTree = "<group>"; };
/* End PBXFileReference section */

/* Begin PBXFrameworksBuildPhase section */
		5AF0B8311C66970200EB7F7B /* Frameworks */ = {
			isa = PBXFrameworksBuildPhase;
			buildActionMask = 2147483647;
			files = (
				5A5EFA2B1CB875C1005A6845 /* libSOIL.dylib in Frameworks */,
				5AF0B8431C66991100EB7F7B /* libGLEW.1.12.0.dylib in Frameworks */,
				5AF0B8411C6698C500EB7F7B /* libglfw3.3.1.dylib in Frameworks */,
				5AF0B83F1C6698A300EB7F7B /* OpenGL.framework in Frameworks */,
			);
			runOnlyForDeploymentPostprocessing = 0;
		};
/* End PBXFrameworksBuildPhase section */

/* Begin PBXGroup section */
		5AF0B82B1C66970200EB7F7B = {
			isa = PBXGroup;
			children = (
				5A5EFA2A1CB875C1005A6845 /* libSOIL.dylib */,
				5AF0B8421C66991100EB7F7B /* libGLEW.1.12.0.dylib */,
				5AF0B8401C6698C500EB7F7B /* libglfw3.3.1.dylib */,
				5AF0B83E1C6698A300EB7F7B /* OpenGL.framework */,
				5AF0B8361C66970200EB7F7B /* mp1 */,
				5AF0B8351C66970200EB7F7B /* Products */,
			);
			sourceTree = "<group>";
		};
		5AF0B8351C66970200EB7F7B /* Products */ = {
			isa = PBXGroup;
			children = (
				5AF0B8341C66970200EB7F7B /* mp1 */,
			);
			name = Products;
			sourceTree = "<group>";
		};
		5AF0B8361C66970200EB7F7B /* mp1 */ = {
			isa = PBXGroup;
			children = (
				5A87977E1CB9965F00E043BD /* teapot_0.obj */,
				5AC5963F1CB88CA90085E67C /* back.jpg */,
				5AC596401CB88CA90085E67C /* bottom.jpg */,
				5AC596411CB88CA90085E67C /* front.jpg */,
				5AC596421CB88CA90085E67C /* left.jpg */,
				5AC596431CB88CA90085E67C /* right.jpg */,
				5AC596441CB88CA90085E67C /* top.jpg */,
				5A5EFA2C1CB8778F005A6845 /* container.jpg */,
				5AF0B8451C6849D200EB7F7B /* shaders */,
				5AF0B8371C66970200EB7F7B /* main.cpp */,
				5AF0B8481C684A8A00EB7F7B /* shader.h */,
				5AC5963E1CB88C4C0085E67C /* camera.h */,
				5A8797801CB99FD100E043BD /* load.h */,
			);
			path = mp1;
			sourceTree = "<group>";
		};
		5AF0B8451C6849D200EB7F7B /* shaders */ = {
			isa = PBXGroup;
			children = (
				5AC5963A1CB88BA90085E67C /* advanced.frag */,
				5AC5963B1CB88BA90085E67C /* advanced.vs */,
				5AF0B8461C6849E600EB7F7B /* skybox.vs */,
				5AF0B8471C684A0700EB7F7B /* skybox.frag */,
			);
			name = shaders;
			sourceTree = "<group>";
		};
/* End PBXGroup section */

/* Begin PBXNativeTarget section */
		5AF0B8331C66970200EB7F7B /* mp1 */ = {
			isa = PBXNativeTarget;
			buildConfigurationList = 5AF0B83B1C66970200EB7F7B /* Build configuration list for PBXNativeTarget "mp1" */;
			buildPhases = (
				5AF0B8301C66970200EB7F7B /* Sources */,
				5AF0B8311C66970200EB7F7B /* Frameworks */,
				5AF0B8321C66970200EB7F7B /* CopyFiles */,
			);
			buildRules = (
			);
			dependencies = (
			);
			name = mp1;
			productName = mp1;
			productReference = 5AF0B8341C66970200EB7F7B /* mp1 */;
			productType = "com.apple.product-type.tool";
		};
/* End PBXNativeTarget section */

/* Begin PBXProject section */
		5AF0B82C1C66970200EB7F7B /* Project object */ = {
			isa = PBXProject;
			attributes = {
				LastUpgradeCheck = 0720;
				ORGANIZATIONNAME = "Chia-Hao Hsieh";
				TargetAttributes = {
					5AF0B8331C66970200EB7F7B = {
						CreatedOnToolsVersion = 7.2.1;
					};
				};
			};
			buildConfigurationList = 5AF0B82F1C66970200EB7F7B /* Build configuration list for PBXProject "mp1" */;
			compatibilityVersion = "Xcode 3.2";
			developmentRegion = English;
			hasScannedForEncodings = 0;
			knownRegions = (
				en,
			);
			mainGroup = 5AF0B82B1C66970200EB7F7B;
			productRefGroup = 5AF0B8351C66970200EB7F7B /* Products */;
			projectDirPath = "";
			projectRoot = "";
			targets = (
				5AF0B8331C66970200EB7F7B /* mp1 */,
			);
		};
/* End PBXProject section */

/* Begin PBXSourcesBuildPhase section */
		5AF0B8301C66970200EB7F7B /* Sources */ = {
			isa = PBXSourcesBuildPhase;
			buildActionMask = 2147483647;
			files = (
				5AF0B8381C66970200EB7F7B /* main.cpp in Sources */,
			);
			runOnlyForDeploymentPostprocessing = 0;
		};
/* End PBXSourcesBuildPhase section */

/* Begin XCBuildConfiguration section */
		5AF0B8391C66970200EB7F7B /* Debug */ = {
			isa = XCBuildConfiguration;
			buildSettings = {
				ALWAYS_SEARCH_USER_PATHS = NO;
				CLANG_CXX_LANGUAGE_STANDARD = "gnu++0x";
				CLANG_CXX_LIBRARY = "libc++";
				CLANG_ENABLE_MODULES = YES;
				CLANG_ENABLE_OBJC_ARC = YES;
				CLANG_WARN_BOOL_CONVERSION = YES;
				CLANG_WARN_CONSTANT_CONVERSION = YES;
				CLANG_WARN_DIRECT_OBJC_ISA_USAGE = YES_ERROR;
				CLANG_WARN_EMPTY_BODY = YES;
				CLANG_WARN_ENUM_CONVERSION = YES;
				CLANG_WARN_INT_CONVERSION = YES;
				CLANG_WARN_OBJC_ROOT_CLASS = YES_ERROR;
				CLANG_WARN_UNREACHABLE_CODE = YES;
				CLANG_WARN__DUPLICATE_METHOD_MATCH = YES;
				CODE_SIGN_IDENTITY = "-";
				COPY_PHASE_STRIP = NO;
				DEBUG_INFORMATION_FORMAT = dwarf;
				ENABLE_STRICT_OBJC_MSGSEND = YES;
				ENABLE_TESTABILITY = YES;
				GCC_C_LANGUAGE_STANDARD = gnu99;
				GCC_DYNAMIC_NO_PIC = NO;
				GCC_NO_COMMON_BLOCKS = YES;
				GCC_OPTIMIZATION_LEVEL = 0;
				GCC_PREPROCESSOR_DEFINITIONS = (
					"DEBUG=1",
					"$(inherited)",
				);
				GCC_WARN_64_TO_32_BIT_CONVERSION = YES;
				GCC_WARN_ABOUT_RETURN_TYPE = YES_ERROR;
				GCC_WARN_UNDECLARED_SELECTOR = YES;
				GCC_WARN_UNINITIALIZED_AUTOS = YES_AGGRESSIVE;
				GCC_WARN_UNUSED_FUNCTION = YES;
				GCC_WARN_UNUSED_VARIABLE = YES;
				MACOSX_DEPLOYMENT_TARGET = 10.11;
				MTL_ENABLE_DEBUG_INFO = YES;
				ONLY_ACTIVE_ARCH = YES;
				SDKROOT = macosx;
			};
			name = Debug;
		};
		5AF0B83A1C66970200EB7F7B /* Release */ = {
			isa = XCBuildConfiguration;
			buildSettings = {
				ALWAYS_SEARCH_USER_PATHS = NO;
				CLANG_CXX_LANGUAGE_STANDARD = "gnu++0x";
				CLANG_CXX_LIBRARY = "libc++";
				CLANG_ENABLE_MODULES = YES;
				CLANG_ENABLE_OBJC_ARC = YES;
				CLANG_WARN_BOOL_CONVERSION = YES;
				CLANG_WARN_CONSTANT_CONVERSION = YES;
				CLANG_WARN_DIRECT_OBJC_ISA_USAGE = YES_ERROR;
				CLANG_WARN_EMPTY_BODY = YES;
				CLANG_WARN_ENUM_CONVERSION = YES;
				CLANG_WARN_INT_CONVERSION = YES;
				CLANG_WARN_OBJC_ROOT_CLASS = YES_ERROR;
				CLANG_WARN_UNREACHABLE_CODE = YES;
				CLANG_WARN__DUPLICATE_METHOD_MATCH = YES;
				CODE_SIGN_IDENTITY = "-";
				COPY_PHASE_STRIP = NO;
				DEBUG_INFORMATION_FORMAT = "dwarf-with-dsym";
				ENABLE_NS_ASSERTIONS = NO;
				ENABLE_STRICT_OBJC_MSGSEND = YES;
				GCC_C_LANGUAGE_STANDARD = gnu99;
				GCC_NO_COMMON_BLOCKS = YES;
				GCC_WARN_64_TO_32_BIT_CONVERSION = YES;
				GCC_WARN_ABOUT_RETURN_TYPE = YES_ERROR;
				GCC_WARN_UNDECLARED_SELECTOR = YES;
				GCC_WARN_UNINITIALIZED_AUTOS = YES_AGGRESSIVE;
				GCC_WARN_UNUSED_FUNCTION = YES;
				GCC_WARN_UNUSED_VARIABLE = YES;
				MACOSX_DEPLOYMENT_TARGET = 10.11;
				MTL_ENABLE_DEBUG_INFO = NO;
				SDKROOT = macosx;
			};
			name = Release;
		};
		5AF0B83C1C66970200EB7F7B /* Debug */ = {
			isa = XCBuildConfiguration;
			buildSettings = {
				HEADER_SEARCH_PATHS = (
					/usr/local/include,
					/opt/local/include/SOIL,
				);
				LIBRARY_SEARCH_PATHS = (
					"$(inherited)",
					/usr/local/Cellar/glfw3/3.1.2/lib,
					/usr/local/Cellar/glew/1.12.0/lib,
					/opt/local/lib,
				);
				PRODUCT_NAME = "$(TARGET_NAME)";
			};
			name = Debug;
		};
		5AF0B83D1C66970200EB7F7B /* Release */ = {
			isa = XCBuildConfiguration;
			buildSettings = {
				HEADER_SEARCH_PATHS = (
					/usr/local/include,
					/opt/local/include/SOIL,
				);
				LIBRARY_SEARCH_PATHS = (
					"$(inherited)",
					/usr/local/Cellar/glfw3/3.1.2/lib,
					/usr/local/Cellar/glew/1.12.0/lib,
					/opt/local/lib,
				);
				PRODUCT_NAME = "$(TARGET_NAME)";
			};
			name = Release;
		};
/* End XCBuildConfiguration section */

/* Begin XCConfigurationList section */
		5AF0B82F1C66970200EB7F7B /* Build configuration list for PBXProject "mp1" */ = {
			isa = XCConfigurationList;
			buildConfigurations = (
				5AF0B8391C66970200EB7F7B /* Debug */,
				5AF0B83A1C66970200EB7F7B /* Release */,
			);
			defaultConfigurationIsVisible = 0;
			defaultConfigurationName = Release;
		};
		5AF0B83B1C66970200EB7F7B /* Build configuration list for PBXNativeTarget "mp1" */ = {
			isa = XCConfigurationList;
			buildConfigurations = (
				5AF0B83C1C66970200EB7F7B /* Debug */,
				5AF0B83D1C66970200EB7F7B /* Release */,
			);
			defaultConfigurationIsVisible = 0;
			defaultConfigurationName = Release;
		};
/* End XCConfigurationList section */
	};
	rootObject = 5AF0B82C1C66970200EB7F7B /* Project object */;
}
