// !$*UTF8*$!
{
	archiveVersion = 1;
	classes = {
	};
	objectVersion = 46;
	objects = {

/* Begin PBXBuildFile section */
		5AF0B8381C66970200EB7F7B /* main.cpp in Sources */ = {isa = PBXBuildFile; fileRef = 5AF0B8371C66970200EB7F7B /* main.cpp */; };
		5AF0B83F1C6698A300EB7F7B /* OpenGL.framework in Frameworks */ = {isa = PBXBuildFile; fileRef = 5AF0B83E1C6698A300EB7F7B /* OpenGL.framework */; };
		5AF0B8411C6698C500EB7F7B /* libglfw3.3.1.dylib in Frameworks */ = {isa = PBXBuildFile; fileRef = 5AF0B8401C6698C500EB7F7B /* libglfw3.3.1.dylib */; };
		5AF0B8431C66991100EB7F7B /* libGLEW.1.12.0.dylib in Frameworks */ = {isa = PBXBuildFile; fileRef = 5AF0B8421C66991100EB7F7B /* libGLEW.1.12.0.dylib */; };
/* End PBXBuildFile section */

/* Begin PBXCopyFilesBuildPhase section */
		5AF0B8321C66970200EB7F7B /* CopyFiles */ = {
			isa = PBXCopyFilesBuildPhase;
			buildActionMask = 2147483647;
			dstPath = /usr/share/man/man1/;
			dstSubfolderSpec = 0;
			files = (
			);
			runOnlyForDeploymentPostprocessing = 1;
		};
/* End PBXCopyFilesBuildPhase section */

/* Begin PBXFileReference section */
		5AF0B8341C66970200EB7F7B /* mp1 */ = {isa = PBXFileReference; explicitFileType = "compiled.mach-o.executable"; includeInIndex = 0; path = mp1; sourceTree = BUILT_PRODUCTS_DIR; };
		5AF0B8371C66970200EB7F7B /* main.cpp */ = {isa = PBXFileReference; lastKnownFileType = sourcecode.cpp.cpp; path = main.cpp; sourceTree = "<group>"; };
		5AF0B83E1C6698A300EB7F7B /* OpenGL.framework */ = {isa = PBXFileReference; lastKnownFileType = wrapper.framework; name = OpenGL.framework; path = System/Library/Frameworks/OpenGL.framework; sourceTree = SDKROOT; };
		5AF0B8401C6698C500EB7F7B /* libglfw3.3.1.dylib */ = {isa = PBXFileReference; lastKnownFileType = "compiled.mach-o.dylib"; name = libglfw3.3.1.dylib; path = ../../../../../usr/local/Cellar/glfw3/3.1.2/lib/libglfw3.3.1.dylib; sourceTree = "<group>"; };
		5AF0B8421C66991100EB7F7B /* libGLEW.1.12.0.dylib */ = {isa = PBXFileReference; lastKnownFileType = "compiled.mach-o.dylib"; name = libGLEW.1.12.0.dylib; path = ../../../../../usr/local/Cellar/glew/1.12.0/lib/libGLEW.1.12.0.dylib; sourceTree = "<group>"; };
/* End PBXFileReference section */

/* Begin PBXFrameworksBuildPhase section */
		5AF0B8311C66970200EB7F7B /* Frameworks */ = {
			isa = PBXFrameworksBuildPhase;
			buildActionMask = 2147483647;
			files = (
				5AF0B8431C66991100EB7F7B /* libGLEW.1.12.0.dylib in Frameworks */,
				5AF0B8411C6698C500EB7F7B /* libglfw3.3.1.dylib in Frameworks */,
				5AF0B83F1C6698A300EB7F7B /* OpenGL.framework in Frameworks */,
			);
			runOnlyForDeploymentPostprocessing = 0;
		};
/* End PBXFrameworksBuildPhase section */

/* Begin PBXGroup section */
		5AF0B82B1C66970200EB7F7B = {
			isa = PBXGroup;
			children = (
				5AF0B8421C66991100EB7F7B /* libGLEW.1.12.0.dylib */,
				5AF0B8401C6698C500EB7F7B /* libglfw3.3.1.dylib */,
				5AF0B83E1C6698A300EB7F7B /* OpenGL.framework */,
				5AF0B8361C66970200EB7F7B /* mp1 */,
				5AF0B8351C66970200EB7F7B /* Products */,
			);
			sourceTree = "<group>";
		};
		5AF0B8351C66970200EB7F7B /* Products */ = {
			isa = PBXGroup;
			children = (
				5AF0B8341C66970200EB7F7B /* mp1 */,
			);
			name = Products;
			sourceTree = "<group>";
		};
		5AF0B8361C66970200EB7F7B /* mp1 */ = {
			isa = PBXGroup;
			children = (
				5AF0B8371C66970200EB7F7B /* main.cpp */,
			);
			path = mp1;
			sourceTree = "<group>";
		};
/* End PBXGroup section */

/* Begin PBXNativeTarget section */
		5AF0B8331C66970200EB7F7B /* mp1 */ = {
			isa = PBXNativeTarget;
			buildConfigurationList = 5AF0B83B1C66970200EB7F7B /* Build configuration list for PBXNativeTarget "mp1" */;
			buildPhases = (
				5AF0B8301C66970200EB7F7B /* Sources */,
				5AF0B8311C66970200EB7F7B /* Frameworks */,
				5AF0B8321C66970200EB7F7B /* CopyFiles */,
			);
			buildRules = (
			);
			dependencies = (
			);
			name = mp1;
			productName = mp1;
			productReference = 5AF0B8341C66970200EB7F7B /* mp1 */;
			productType = "com.apple.product-type.tool";
		};
/* End PBXNativeTarget section */

/* Begin PBXProject section */
		5AF0B82C1C66970200EB7F7B /* Project object */ = {
			isa = PBXProject;
			attributes = {
				LastUpgradeCheck = 0720;
				ORGANIZATIONNAME = "Chia-Hao Hsieh";
				TargetAttributes = {
					5AF0B8331C66970200EB7F7B = {
						CreatedOnToolsVersion = 7.2.1;
					};
				};
			};
			buildConfigurationList = 5AF0B82F1C66970200EB7F7B /* Build configuration list for PBXProject "mp1" */;
			compatibilityVersion = "Xcode 3.2";
			developmentRegion = English;
			hasScannedForEncodings = 0;
			knownRegions = (
				en,
			);
			mainGroup = 5AF0B82B1C66970200EB7F7B;
			productRefGroup = 5AF0B8351C66970200EB7F7B /* Products */;
			projectDirPath = "";
			projectRoot = "";
			targets = (
				5AF0B8331C66970200EB7F7B /* mp1 */,
			);
		};
/* End PBXProject section */

/* Begin PBXSourcesBuildPhase section */
		5AF0B8301C66970200EB7F7B /* Sources */ = {
			isa = PBXSourcesBuildPhase;
			buildActionMask = 2147483647;
			files = (
				5AF0B8381C66970200EB7F7B /* main.cpp in Sources */,
			);
			runOnlyForDeploymentPostprocessing = 0;
		};
/* End PBXSourcesBuildPhase section */

/* Begin XCBuildConfiguration section */
		5AF0B8391C66970200EB7F7B /* Debug */ = {
			isa = XCBuildConfiguration;
			buildSettings = {
				ALWAYS_SEARCH_USER_PATHS = NO;
				CLANG_CXX_LANGUAGE_STANDARD = "gnu++0x";
				CLANG_CXX_LIBRARY = "libc++";
				CLANG_ENABLE_MODULES = YES;
				CLANG_ENABLE_OBJC_ARC = YES;
				CLANG_WARN_BOOL_CONVERSION = YES;
				CLANG_WARN_CONSTANT_CONVERSION = YES;
				CLANG_WARN_DIRECT_OBJC_ISA_USAGE = YES_ERROR;
				CLANG_WARN_EMPTY_BODY = YES;
				CLANG_WARN_ENUM_CONVERSION = YES;
				CLANG_WARN_INT_CONVERSION = YES;
				CLANG_WARN_OBJC_ROOT_CLASS = YES_ERROR;
				CLANG_WARN_UNREACHABLE_CODE = YES;
				CLANG_WARN__DUPLICATE_METHOD_MATCH = YES;
				CODE_SIGN_IDENTITY = "-";
				COPY_PHASE_STRIP = NO;
				DEBUG_INFORMATION_FORMAT = dwarf;
				ENABLE_STRICT_OBJC_MSGSEND = YES;
				ENABLE_TESTABILITY = YES;
				GCC_C_LANGUAGE_STANDARD = gnu99;
				GCC_DYNAMIC_NO_PIC = NO;
				GCC_NO_COMMON_BLOCKS = YES;
				GCC_OPTIMIZATION_LEVEL = 0;
				GCC_PREPROCESSOR_DEFINITIONS = (
					"DEBUG=1",
					"$(inherited)",
				);
				GCC_WARN_64_TO_32_BIT_CONVERSION = YES;
				GCC_WARN_ABOUT_RETURN_TYPE = YES_ERROR;
				GCC_WARN_UNDECLARED_SELECTOR = YES;
				GCC_WARN_UNINITIALIZED_AUTOS = YES_AGGRESSIVE;
				GCC_WARN_UNUSED_FUNCTION = YES;
				GCC_WARN_UNUSED_VARIABLE = YES;
				MACOSX_DEPLOYMENT_TARGET = 10.11;
				MTL_ENABLE_DEBUG_INFO = YES;
				ONLY_ACTIVE_ARCH = YES;
				SDKROOT = macosx;
			};
			name = Debug;
		};
		5AF0B83A1C66970200EB7F7B /* Release */ = {
			isa = XCBuildConfiguration;
			buildSettings = {
				ALWAYS_SEARCH_USER_PATHS = NO;
				CLANG_CXX_LANGUAGE_STANDARD = "gnu++0x";
				CLANG_CXX_LIBRARY = "libc++";
				CLANG_ENABLE_MODULES = YES;
				CLANG_ENABLE_OBJC_ARC = YES;
				CLANG_WARN_BOOL_CONVERSION = YES;
				CLANG_WARN_CONSTANT_CONVERSION = YES;
				CLANG_WARN_DIRECT_OBJC_ISA_USAGE = YES_ERROR;
				CLANG_WARN_EMPTY_BODY = YES;
				CLANG_WARN_ENUM_CONVERSION = YES;
				CLANG_WARN_INT_CONVERSION = YES;
				CLANG_WARN_OBJC_ROOT_CLASS = YES_ERROR;
				CLANG_WARN_UNREACHABLE_CODE = YES;
				CLANG_WARN__DUPLICATE_METHOD_MATCH = YES;
				CODE_SIGN_IDENTITY = "-";
				COPY_PHASE_STRIP = NO;
				DEBUG_INFORMATION_FORMAT = "dwarf-with-dsym";
				ENABLE_NS_ASSERTIONS = NO;
				ENABLE_STRICT_OBJC_MSGSEND = YES;
				GCC_C_LANGUAGE_STANDARD = gnu99;
				GCC_NO_COMMON_BLOCKS = YES;
				GCC_WARN_64_TO_32_BIT_CONVERSION = YES;
				GCC_WARN_ABOUT_RETURN_TYPE = YES_ERROR;
				GCC_WARN_UNDECLARED_SELECTOR = YES;
				GCC_WARN_UNINITIALIZED_AUTOS = YES_AGGRESSIVE;
				GCC_WARN_UNUSED_FUNCTION = YES;
				GCC_WARN_UNUSED_VARIABLE = YES;
				MACOSX_DEPLOYMENT_TARGET = 10.11;
				MTL_ENABLE_DEBUG_INFO = NO;
				SDKROOT = macosx;
			};
			name = Release;
		};
		5AF0B83C1C66970200EB7F7B /* Debug */ = {
			isa = XCBuildConfiguration;
			buildSettings = {
				HEADER_SEARCH_PATHS = /usr/local/include;
				LIBRARY_SEARCH_PATHS = (
					"$(inherited)",
					/usr/local/Cellar/glfw3/3.1.2/lib,
					/usr/local/Cellar/glew/1.12.0/lib,
				);
				PRODUCT_NAME = "$(TARGET_NAME)";
			};
			name = Debug;
		};
		5AF0B83D1C66970200EB7F7B /* Release */ = {
			isa = XCBuildConfiguration;
			buildSettings = {
				HEADER_SEARCH_PATHS = /usr/local/include;
				LIBRARY_SEARCH_PATHS = (
					"$(inherited)",
					/usr/local/Cellar/glfw3/3.1.2/lib,
					/usr/local/Cellar/glew/1.12.0/lib,
				);
				PRODUCT_NAME = "$(TARGET_NAME)";
			};
			name = Release;
		};
/* End XCBuildConfiguration section */

/* Begin XCConfigurationList section */
		5AF0B82F1C66970200EB7F7B /* Build configuration list for PBXProject "mp1" */ = {
			isa = XCConfigurationList;
			buildConfigurations = (
				5AF0B8391C66970200EB7F7B /* Debug */,
				5AF0B83A1C66970200EB7F7B /* Release */,
			);
			defaultConfigurationIsVisible = 0;
			defaultConfigurationName = Release;
		};
		5AF0B83B1C66970200EB7F7B /* Build configuration list for PBXNativeTarget "mp1" */ = {
			isa = XCConfigurationList;
			buildConfigurations = (
				5AF0B83C1C66970200EB7F7B /* Debug */,
				5AF0B83D1C66970200EB7F7B /* Release */,
			);
			defaultConfigurationIsVisible = 0;
		};
/* End XCConfigurationList section */
	};
	rootObject = 5AF0B82C1C66970200EB7F7B /* Project object */;
}
