// !$*UTF8*$!
{
	archiveVersion = 1;
	classes = {
	};
	objectVersion = 46;
	objects = {

/* Begin PBXBuildFile section */
		5A5F1AB11C90C03A00B9A45A /* main.cpp in Sources */ = {isa = PBXBuildFile; fileRef = 5A5F1AB01C90C03A00B9A45A /* main.cpp */; };
		5A5F1AB81C90C07D00B9A45A /* OpenGL.framework in Frameworks */ = {isa = PBXBuildFile; fileRef = 5A5F1AB71C90C07D00B9A45A /* OpenGL.framework */; };
		5A5F1ABA1C90C08500B9A45A /* libGLEW.1.12.0.dylib in Frameworks */ = {isa = PBXBuildFile; fileRef = 5A5F1AB91C90C08500B9A45A /* libGLEW.1.12.0.dylib */; };
		5A5F1ABC1C90C08C00B9A45A /* GLUT.framework in Frameworks */ = {isa = PBXBuildFile; fileRef = 5A5F1ABB1C90C08C00B9A45A /* GLUT.framework */; };
		5A5F1AC11C90C0B500B9A45A /* textures.c in Sources */ = {isa = PBXBuildFile; fileRef = 5A5F1ABF1C90C0B500B9A45A /* textures.c */; };
		5A5F1AC21C90C0DB00B9A45A /* glescraft.f.glsl in CopyFiles */ = {isa = PBXBuildFile; fileRef = 5A5F1ABD1C90C0B500B9A45A /* glescraft.f.glsl */; settings = {ATTRIBUTES = (CodeSignOnCopy, ); }; };
		5A5F1AC31C90C0DB00B9A45A /* glescraft.v.glsl in CopyFiles */ = {isa = PBXBuildFile; fileRef = 5A5F1ABE1C90C0B500B9A45A /* glescraft.v.glsl */; settings = {ATTRIBUTES = (CodeSignOnCopy, ); }; };
		5A5F1AC51C90C14400B9A45A /* shader_utils.cpp in Sources */ = {isa = PBXBuildFile; fileRef = 5A5F1AC41C90C14400B9A45A /* shader_utils.cpp */; };
/* End PBXBuildFile section */

/* Begin PBXCopyFilesBuildPhase section */
		5A5F1AAB1C90C03900B9A45A /* CopyFiles */ = {
			isa = PBXCopyFilesBuildPhase;
			buildActionMask = 12;
			dstPath = "";
			dstSubfolderSpec = 16;
			files = (
				5A5F1AC21C90C0DB00B9A45A /* glescraft.f.glsl in CopyFiles */,
				5A5F1AC31C90C0DB00B9A45A /* glescraft.v.glsl in CopyFiles */,
			);
			runOnlyForDeploymentPostprocessing = 0;
		};
/* End PBXCopyFilesBuildPhase section */

/* Begin PBXFileReference section */
		5A5F1AAD1C90C03A00B9A45A /* mp2glescraft */ = {isa = PBXFileReference; explicitFileType = "compiled.mach-o.executable"; includeInIndex = 0; path = mp2glescraft; sourceTree = BUILT_PRODUCTS_DIR; };
		5A5F1AB01C90C03A00B9A45A /* main.cpp */ = {isa = PBXFileReference; lastKnownFileType = sourcecode.cpp.cpp; path = main.cpp; sourceTree = "<group>"; };
		5A5F1AB71C90C07D00B9A45A /* OpenGL.framework */ = {isa = PBXFileReference; lastKnownFileType = wrapper.framework; name = OpenGL.framework; path = System/Library/Frameworks/OpenGL.framework; sourceTree = SDKROOT; };
		5A5F1AB91C90C08500B9A45A /* libGLEW.1.12.0.dylib */ = {isa = PBXFileReference; lastKnownFileType = "compiled.mach-o.dylib"; name = libGLEW.1.12.0.dylib; path = ../../../../../usr/local/Cellar/glew/1.12.0/lib/libGLEW.1.12.0.dylib; sourceTree = "<group>"; };
		5A5F1ABB1C90C08C00B9A45A /* GLUT.framework */ = {isa = PBXFileReference; lastKnownFileType = wrapper.framework; name = GLUT.framework; path = System/Library/Frameworks/GLUT.framework; sourceTree = SDKROOT; };
		5A5F1ABD1C90C0B500B9A45A /* glescraft.f.glsl */ = {isa = PBXFileReference; fileEncoding = 4; lastKnownFileType = text; path = glescraft.f.glsl; sourceTree = "<group>"; };
		5A5F1ABE1C90C0B500B9A45A /* glescraft.v.glsl */ = {isa = PBXFileReference; fileEncoding = 4; lastKnownFileType = text; path = glescraft.v.glsl; sourceTree = "<group>"; };
		5A5F1ABF1C90C0B500B9A45A /* textures.c */ = {isa = PBXFileReference; fileEncoding = 4; lastKnownFileType = sourcecode.c.c; path = textures.c; sourceTree = "<group>"; };
		5A5F1AC01C90C0B500B9A45A /* textures.png */ = {isa = PBXFileReference; lastKnownFileType = image.png; path = textures.png; sourceTree = "<group>"; };
		5A5F1AC41C90C14400B9A45A /* shader_utils.cpp */ = {isa = PBXFileReference; fileEncoding = 4; lastKnownFileType = sourcecode.cpp.cpp; path = shader_utils.cpp; sourceTree = "<group>"; };
		5A5F1AC61C90C1B500B9A45A /* shader_utils.h */ = {isa = PBXFileReference; fileEncoding = 4; lastKnownFileType = sourcecode.c.h; path = shader_utils.h; sourceTree = "<group>"; };
/* End PBXFileReference section */

/* Begin PBXFrameworksBuildPhase section */
		5A5F1AAA1C90C03900B9A45A /* Frameworks */ = {
			isa = PBXFrameworksBuildPhase;
			buildActionMask = 2147483647;
			files = (
				5A5F1ABC1C90C08C00B9A45A /* GLUT.framework in Frameworks */,
				5A5F1ABA1C90C08500B9A45A /* libGLEW.1.12.0.dylib in Frameworks */,
				5A5F1AB81C90C07D00B9A45A /* OpenGL.framework in Frameworks */,
			);
			runOnlyForDeploymentPostprocessing = 0;
		};
/* End PBXFrameworksBuildPhase section */

/* Begin PBXGroup section */
		5A5F1AA41C90C03900B9A45A = {
			isa = PBXGroup;
			children = (
				5A5F1ABB1C90C08C00B9A45A /* GLUT.framework */,
				5A5F1AB91C90C08500B9A45A /* libGLEW.1.12.0.dylib */,
				5A5F1AB71C90C07D00B9A45A /* OpenGL.framework */,
				5A5F1AAF1C90C03A00B9A45A /* mp2glescraft */,
				5A5F1AAE1C90C03A00B9A45A /* Products */,
			);
			sourceTree = "<group>";
		};
		5A5F1AAE1C90C03A00B9A45A /* Products */ = {
			isa = PBXGroup;
			children = (
				5A5F1AAD1C90C03A00B9A45A /* mp2glescraft */,
			);
			name = Products;
			sourceTree = "<group>";
		};
		5A5F1AAF1C90C03A00B9A45A /* mp2glescraft */ = {
			isa = PBXGroup;
			children = (
				5A5F1AC61C90C1B500B9A45A /* shader_utils.h */,
				5A5F1AC41C90C14400B9A45A /* shader_utils.cpp */,
				5A5F1ABD1C90C0B500B9A45A /* glescraft.f.glsl */,
				5A5F1ABE1C90C0B500B9A45A /* glescraft.v.glsl */,
				5A5F1ABF1C90C0B500B9A45A /* textures.c */,
				5A5F1AC01C90C0B500B9A45A /* textures.png */,
				5A5F1AB01C90C03A00B9A45A /* main.cpp */,
			);
			path = mp2glescraft;
			sourceTree = "<group>";
		};
/* End PBXGroup section */

/* Begin PBXNativeTarget section */
		5A5F1AAC1C90C03900B9A45A /* mp2glescraft */ = {
			isa = PBXNativeTarget;
			buildConfigurationList = 5A5F1AB41C90C03A00B9A45A /* Build configuration list for PBXNativeTarget "mp2glescraft" */;
			buildPhases = (
				5A5F1AA91C90C03900B9A45A /* Sources */,
				5A5F1AAA1C90C03900B9A45A /* Frameworks */,
				5A5F1AAB1C90C03900B9A45A /* CopyFiles */,
			);
			buildRules = (
			);
			dependencies = (
			);
			name = mp2glescraft;
			productName = mp2glescraft;
			productReference = 5A5F1AAD1C90C03A00B9A45A /* mp2glescraft */;
			productType = "com.apple.product-type.tool";
		};
/* End PBXNativeTarget section */

/* Begin PBXProject section */
		5A5F1AA51C90C03900B9A45A /* Project object */ = {
			isa = PBXProject;
			attributes = {
				LastUpgradeCheck = 0720;
				ORGANIZATIONNAME = "Chia-Hao Hsieh";
				TargetAttributes = {
					5A5F1AAC1C90C03900B9A45A = {
						CreatedOnToolsVersion = 7.2.1;
					};
				};
			};
			buildConfigurationList = 5A5F1AA81C90C03900B9A45A /* Build configuration list for PBXProject "mp2glescraft" */;
			compatibilityVersion = "Xcode 3.2";
			developmentRegion = English;
			hasScannedForEncodings = 0;
			knownRegions = (
				en,
			);
			mainGroup = 5A5F1AA41C90C03900B9A45A;
			productRefGroup = 5A5F1AAE1C90C03A00B9A45A /* Products */;
			projectDirPath = "";
			projectRoot = "";
			targets = (
				5A5F1AAC1C90C03900B9A45A /* mp2glescraft */,
			);
		};
/* End PBXProject section */

/* Begin PBXSourcesBuildPhase section */
		5A5F1AA91C90C03900B9A45A /* Sources */ = {
			isa = PBXSourcesBuildPhase;
			buildActionMask = 2147483647;
			files = (
				5A5F1AB11C90C03A00B9A45A /* main.cpp in Sources */,
				5A5F1AC51C90C14400B9A45A /* shader_utils.cpp in Sources */,
				5A5F1AC11C90C0B500B9A45A /* textures.c in Sources */,
			);
			runOnlyForDeploymentPostprocessing = 0;
		};
/* End PBXSourcesBuildPhase section */

/* Begin XCBuildConfiguration section */
		5A5F1AB21C90C03A00B9A45A /* Debug */ = {
			isa = XCBuildConfiguration;
			buildSettings = {
				ALWAYS_SEARCH_USER_PATHS = NO;
				CLANG_CXX_LANGUAGE_STANDARD = "gnu++0x";
				CLANG_CXX_LIBRARY = "libc++";
				CLANG_ENABLE_MODULES = YES;
				CLANG_ENABLE_OBJC_ARC = YES;
				CLANG_WARN_BOOL_CONVERSION = YES;
				CLANG_WARN_CONSTANT_CONVERSION = YES;
				CLANG_WARN_DIRECT_OBJC_ISA_USAGE = YES_ERROR;
				CLANG_WARN_EMPTY_BODY = YES;
				CLANG_WARN_ENUM_CONVERSION = YES;
				CLANG_WARN_INT_CONVERSION = YES;
				CLANG_WARN_OBJC_ROOT_CLASS = YES_ERROR;
				CLANG_WARN_UNREACHABLE_CODE = YES;
				CLANG_WARN__DUPLICATE_METHOD_MATCH = YES;
				CODE_SIGN_IDENTITY = "-";
				COPY_PHASE_STRIP = NO;
				DEBUG_INFORMATION_FORMAT = dwarf;
				ENABLE_STRICT_OBJC_MSGSEND = YES;
				ENABLE_TESTABILITY = YES;
				GCC_C_LANGUAGE_STANDARD = gnu99;
				GCC_DYNAMIC_NO_PIC = NO;
				GCC_NO_COMMON_BLOCKS = YES;
				GCC_OPTIMIZATION_LEVEL = 0;
				GCC_PREPROCESSOR_DEFINITIONS = (
					"DEBUG=1",
					"$(inherited)",
				);
				GCC_WARN_64_TO_32_BIT_CONVERSION = YES;
				GCC_WARN_ABOUT_RETURN_TYPE = YES_ERROR;
				GCC_WARN_UNDECLARED_SELECTOR = YES;
				GCC_WARN_UNINITIALIZED_AUTOS = YES_AGGRESSIVE;
				GCC_WARN_UNUSED_FUNCTION = YES;
				GCC_WARN_UNUSED_VARIABLE = YES;
				MACOSX_DEPLOYMENT_TARGET = 10.11;
				MTL_ENABLE_DEBUG_INFO = YES;
				ONLY_ACTIVE_ARCH = YES;
				SDKROOT = macosx;
			};
			name = Debug;
		};
		5A5F1AB31C90C03A00B9A45A /* Release */ = {
			isa = XCBuildConfiguration;
			buildSettings = {
				ALWAYS_SEARCH_USER_PATHS = NO;
				CLANG_CXX_LANGUAGE_STANDARD = "gnu++0x";
				CLANG_CXX_LIBRARY = "libc++";
				CLANG_ENABLE_MODULES = YES;
				CLANG_ENABLE_OBJC_ARC = YES;
				CLANG_WARN_BOOL_CONVERSION = YES;
				CLANG_WARN_CONSTANT_CONVERSION = YES;
				CLANG_WARN_DIRECT_OBJC_ISA_USAGE = YES_ERROR;
				CLANG_WARN_EMPTY_BODY = YES;
				CLANG_WARN_ENUM_CONVERSION = YES;
				CLANG_WARN_INT_CONVERSION = YES;
				CLANG_WARN_OBJC_ROOT_CLASS = YES_ERROR;
				CLANG_WARN_UNREACHABLE_CODE = YES;
				CLANG_WARN__DUPLICATE_METHOD_MATCH = YES;
				CODE_SIGN_IDENTITY = "-";
				COPY_PHASE_STRIP = NO;
				DEBUG_INFORMATION_FORMAT = "dwarf-with-dsym";
				ENABLE_NS_ASSERTIONS = NO;
				ENABLE_STRICT_OBJC_MSGSEND = YES;
				GCC_C_LANGUAGE_STANDARD = gnu99;
				GCC_NO_COMMON_BLOCKS = YES;
				GCC_WARN_64_TO_32_BIT_CONVERSION = YES;
				GCC_WARN_ABOUT_RETURN_TYPE = YES_ERROR;
				GCC_WARN_UNDECLARED_SELECTOR = YES;
				GCC_WARN_UNINITIALIZED_AUTOS = YES_AGGRESSIVE;
				GCC_WARN_UNUSED_FUNCTION = YES;
				GCC_WARN_UNUSED_VARIABLE = YES;
				MACOSX_DEPLOYMENT_TARGET = 10.11;
				MTL_ENABLE_DEBUG_INFO = NO;
				SDKROOT = macosx;
			};
			name = Release;
		};
		5A5F1AB51C90C03A00B9A45A /* Debug */ = {
			isa = XCBuildConfiguration;
			buildSettings = {
				HEADER_SEARCH_PATHS = /usr/local/include;
				LIBRARY_SEARCH_PATHS = (
					"$(inherited)",
					/usr/local/Cellar/glew/1.12.0/lib,
				);
				PRODUCT_NAME = "$(TARGET_NAME)";
			};
			name = Debug;
		};
		5A5F1AB61C90C03A00B9A45A /* Release */ = {
			isa = XCBuildConfiguration;
			buildSettings = {
				HEADER_SEARCH_PATHS = /usr/local/include;
				LIBRARY_SEARCH_PATHS = (
					"$(inherited)",
					/usr/local/Cellar/glew/1.12.0/lib,
				);
				PRODUCT_NAME = "$(TARGET_NAME)";
			};
			name = Release;
		};
/* End XCBuildConfiguration section */

/* Begin XCConfigurationList section */
		5A5F1AA81C90C03900B9A45A /* Build configuration list for PBXProject "mp2glescraft" */ = {
			isa = XCConfigurationList;
			buildConfigurations = (
				5A5F1AB21C90C03A00B9A45A /* Debug */,
				5A5F1AB31C90C03A00B9A45A /* Release */,
			);
			defaultConfigurationIsVisible = 0;
			defaultConfigurationName = Release;
		};
		5A5F1AB41C90C03A00B9A45A /* Build configuration list for PBXNativeTarget "mp2glescraft" */ = {
			isa = XCConfigurationList;
			buildConfigurations = (
				5A5F1AB51C90C03A00B9A45A /* Debug */,
				5A5F1AB61C90C03A00B9A45A /* Release */,
			);
			defaultConfigurationIsVisible = 0;
		};
/* End XCConfigurationList section */
	};
	rootObject = 5A5F1AA51C90C03900B9A45A /* Project object */;
}
