// !$*UTF8*$!
{
	archiveVersion = 1;
	classes = {
	};
	objectVersion = 46;
	objects = {

/* Begin PBXBuildFile section */
		5ACADF011C901E4C00322618 /* main.cpp in Sources */ = {isa = PBXBuildFile; fileRef = 5ACADF001C901E4C00322618 /* main.cpp */; };
		5ACADF081C901E6F00322618 /* OpenGL.framework in Frameworks */ = {isa = PBXBuildFile; fileRef = 5ACADF071C901E6F00322618 /* OpenGL.framework */; };
		5ACADF0A1C901E7500322618 /* GLUT.framework in Frameworks */ = {isa = PBXBuildFile; fileRef = 5ACADF091C901E7500322618 /* GLUT.framework */; };
		5ACADF0C1C901EBB00322618 /* libGLEW.1.12.0.dylib in Frameworks */ = {isa = PBXBuildFile; fileRef = 5ACADF0B1C901EBB00322618 /* libGLEW.1.12.0.dylib */; };
		5ACADF0F1C901F4F00322618 /* graph.f.glsl in CopyFiles */ = {isa = PBXBuildFile; fileRef = 5ACADF0E1C901F1A00322618 /* graph.f.glsl */; settings = {ATTRIBUTES = (CodeSignOnCopy, ); }; };
		5ACADF101C901F5400322618 /* graph.v.glsl in CopyFiles */ = {isa = PBXBuildFile; fileRef = 5ACADF0D1C901F1300322618 /* graph.v.glsl */; settings = {ATTRIBUTES = (CodeSignOnCopy, ); }; };
		5ACADF121C901F9300322618 /* shader_utils.cpp in Sources */ = {isa = PBXBuildFile; fileRef = 5ACADF111C901F9300322618 /* shader_utils.cpp */; };
/* End PBXBuildFile section */

/* Begin PBXCopyFilesBuildPhase section */
		5ACADEFB1C901E4C00322618 /* CopyFiles */ = {
			isa = PBXCopyFilesBuildPhase;
			buildActionMask = 12;
			dstPath = "";
			dstSubfolderSpec = 16;
			files = (
				5ACADF101C901F5400322618 /* graph.v.glsl in CopyFiles */,
				5ACADF0F1C901F4F00322618 /* graph.f.glsl in CopyFiles */,
			);
			runOnlyForDeploymentPostprocessing = 0;
		};
/* End PBXCopyFilesBuildPhase section */

/* Begin PBXFileReference section */
		5ACADEFD1C901E4C00322618 /* wikibook-graph05 */ = {isa = PBXFileReference; explicitFileType = "compiled.mach-o.executable"; includeInIndex = 0; path = "wikibook-graph05"; sourceTree = BUILT_PRODUCTS_DIR; };
		5ACADF001C901E4C00322618 /* main.cpp */ = {isa = PBXFileReference; lastKnownFileType = sourcecode.cpp.cpp; path = main.cpp; sourceTree = "<group>"; };
		5ACADF071C901E6F00322618 /* OpenGL.framework */ = {isa = PBXFileReference; lastKnownFileType = wrapper.framework; name = OpenGL.framework; path = System/Library/Frameworks/OpenGL.framework; sourceTree = SDKROOT; };
		5ACADF091C901E7500322618 /* GLUT.framework */ = {isa = PBXFileReference; lastKnownFileType = wrapper.framework; name = GLUT.framework; path = System/Library/Frameworks/GLUT.framework; sourceTree = SDKROOT; };
		5ACADF0B1C901EBB00322618 /* libGLEW.1.12.0.dylib */ = {isa = PBXFileReference; lastKnownFileType = "compiled.mach-o.dylib"; name = libGLEW.1.12.0.dylib; path = ../../../../../usr/local/Cellar/glew/1.12.0/lib/libGLEW.1.12.0.dylib; sourceTree = "<group>"; };
		5ACADF0D1C901F1300322618 /* graph.v.glsl */ = {isa = PBXFileReference; fileEncoding = 4; lastKnownFileType = text; path = graph.v.glsl; sourceTree = "<group>"; };
		5ACADF0E1C901F1A00322618 /* graph.f.glsl */ = {isa = PBXFileReference; fileEncoding = 4; lastKnownFileType = text; path = graph.f.glsl; sourceTree = "<group>"; };
		5ACADF111C901F9300322618 /* shader_utils.cpp */ = {isa = PBXFileReference; fileEncoding = 4; lastKnownFileType = sourcecode.cpp.cpp; path = shader_utils.cpp; sourceTree = "<group>"; };
		5ACADF131C901F9D00322618 /* shader_utils.h */ = {isa = PBXFileReference; fileEncoding = 4; lastKnownFileType = sourcecode.c.h; path = shader_utils.h; sourceTree = "<group>"; };
/* End PBXFileReference section */

/* Begin PBXFrameworksBuildPhase section */
		5ACADEFA1C901E4C00322618 /* Frameworks */ = {
			isa = PBXFrameworksBuildPhase;
			buildActionMask = 2147483647;
			files = (
				5ACADF0C1C901EBB00322618 /* libGLEW.1.12.0.dylib in Frameworks */,
				5ACADF0A1C901E7500322618 /* GLUT.framework in Frameworks */,
				5ACADF081C901E6F00322618 /* OpenGL.framework in Frameworks */,
			);
			runOnlyForDeploymentPostprocessing = 0;
		};
/* End PBXFrameworksBuildPhase section */

/* Begin PBXGroup section */
		5ACADEF41C901E4C00322618 = {
			isa = PBXGroup;
			children = (
				5ACADF0B1C901EBB00322618 /* libGLEW.1.12.0.dylib */,
				5ACADF091C901E7500322618 /* GLUT.framework */,
				5ACADF071C901E6F00322618 /* OpenGL.framework */,
				5ACADEFF1C901E4C00322618 /* wikibook-graph05 */,
				5ACADEFE1C901E4C00322618 /* Products */,
			);
			sourceTree = "<group>";
		};
		5ACADEFE1C901E4C00322618 /* Products */ = {
			isa = PBXGroup;
			children = (
				5ACADEFD1C901E4C00322618 /* wikibook-graph05 */,
			);
			name = Products;
			sourceTree = "<group>";
		};
		5ACADEFF1C901E4C00322618 /* wikibook-graph05 */ = {
			isa = PBXGroup;
			children = (
				5ACADF131C901F9D00322618 /* shader_utils.h */,
				5ACADF111C901F9300322618 /* shader_utils.cpp */,
				5ACADF0E1C901F1A00322618 /* graph.f.glsl */,
				5ACADF0D1C901F1300322618 /* graph.v.glsl */,
				5ACADF001C901E4C00322618 /* main.cpp */,
			);
			path = "wikibook-graph05";
			sourceTree = "<group>";
		};
/* End PBXGroup section */

/* Begin PBXNativeTarget section */
		5ACADEFC1C901E4C00322618 /* wikibook-graph05 */ = {
			isa = PBXNativeTarget;
			buildConfigurationList = 5ACADF041C901E4C00322618 /* Build configuration list for PBXNativeTarget "wikibook-graph05" */;
			buildPhases = (
				5ACADEF91C901E4C00322618 /* Sources */,
				5ACADEFA1C901E4C00322618 /* Frameworks */,
				5ACADEFB1C901E4C00322618 /* CopyFiles */,
			);
			buildRules = (
			);
			dependencies = (
			);
			name = "wikibook-graph05";
			productName = "wikibook-graph05";
			productReference = 5ACADEFD1C901E4C00322618 /* wikibook-graph05 */;
			productType = "com.apple.product-type.tool";
		};
/* End PBXNativeTarget section */

/* Begin PBXProject section */
		5ACADEF51C901E4C00322618 /* Project object */ = {
			isa = PBXProject;
			attributes = {
				LastUpgradeCheck = 0720;
				ORGANIZATIONNAME = "Chia-Hao Hsieh";
				TargetAttributes = {
					5ACADEFC1C901E4C00322618 = {
						CreatedOnToolsVersion = 7.2.1;
					};
				};
			};
			buildConfigurationList = 5ACADEF81C901E4C00322618 /* Build configuration list for PBXProject "wikibook-graph05" */;
			compatibilityVersion = "Xcode 3.2";
			developmentRegion = English;
			hasScannedForEncodings = 0;
			knownRegions = (
				en,
			);
			mainGroup = 5ACADEF41C901E4C00322618;
			productRefGroup = 5ACADEFE1C901E4C00322618 /* Products */;
			projectDirPath = "";
			projectRoot = "";
			targets = (
				5ACADEFC1C901E4C00322618 /* wikibook-graph05 */,
			);
		};
/* End PBXProject section */

/* Begin PBXSourcesBuildPhase section */
		5ACADEF91C901E4C00322618 /* Sources */ = {
			isa = PBXSourcesBuildPhase;
			buildActionMask = 2147483647;
			files = (
				5ACADF121C901F9300322618 /* shader_utils.cpp in Sources */,
				5ACADF011C901E4C00322618 /* main.cpp in Sources */,
			);
			runOnlyForDeploymentPostprocessing = 0;
		};
/* End PBXSourcesBuildPhase section */

/* Begin XCBuildConfiguration section */
		5ACADF021C901E4C00322618 /* Debug */ = {
			isa = XCBuildConfiguration;
			buildSettings = {
				ALWAYS_SEARCH_USER_PATHS = NO;
				CLANG_CXX_LANGUAGE_STANDARD = "gnu++0x";
				CLANG_CXX_LIBRARY = "libc++";
				CLANG_ENABLE_MODULES = YES;
				CLANG_ENABLE_OBJC_ARC = YES;
				CLANG_WARN_BOOL_CONVERSION = YES;
				CLANG_WARN_CONSTANT_CONVERSION = YES;
				CLANG_WARN_DIRECT_OBJC_ISA_USAGE = YES_ERROR;
				CLANG_WARN_EMPTY_BODY = YES;
				CLANG_WARN_ENUM_CONVERSION = YES;
				CLANG_WARN_INT_CONVERSION = YES;
				CLANG_WARN_OBJC_ROOT_CLASS = YES_ERROR;
				CLANG_WARN_UNREACHABLE_CODE = YES;
				CLANG_WARN__DUPLICATE_METHOD_MATCH = YES;
				CODE_SIGN_IDENTITY = "-";
				COPY_PHASE_STRIP = NO;
				DEBUG_INFORMATION_FORMAT = dwarf;
				ENABLE_STRICT_OBJC_MSGSEND = YES;
				ENABLE_TESTABILITY = YES;
				GCC_C_LANGUAGE_STANDARD = gnu99;
				GCC_DYNAMIC_NO_PIC = NO;
				GCC_NO_COMMON_BLOCKS = YES;
				GCC_OPTIMIZATION_LEVEL = 0;
				GCC_PREPROCESSOR_DEFINITIONS = (
					"DEBUG=1",
					"$(inherited)",
				);
				GCC_WARN_64_TO_32_BIT_CONVERSION = YES;
				GCC_WARN_ABOUT_RETURN_TYPE = YES_ERROR;
				GCC_WARN_UNDECLARED_SELECTOR = YES;
				GCC_WARN_UNINITIALIZED_AUTOS = YES_AGGRESSIVE;
				GCC_WARN_UNUSED_FUNCTION = YES;
				GCC_WARN_UNUSED_VARIABLE = YES;
				MACOSX_DEPLOYMENT_TARGET = 10.11;
				MTL_ENABLE_DEBUG_INFO = YES;
				ONLY_ACTIVE_ARCH = YES;
				SDKROOT = macosx;
			};
			name = Debug;
		};
		5ACADF031C901E4C00322618 /* Release */ = {
			isa = XCBuildConfiguration;
			buildSettings = {
				ALWAYS_SEARCH_USER_PATHS = NO;
				CLANG_CXX_LANGUAGE_STANDARD = "gnu++0x";
				CLANG_CXX_LIBRARY = "libc++";
				CLANG_ENABLE_MODULES = YES;
				CLANG_ENABLE_OBJC_ARC = YES;
				CLANG_WARN_BOOL_CONVERSION = YES;
				CLANG_WARN_CONSTANT_CONVERSION = YES;
				CLANG_WARN_DIRECT_OBJC_ISA_USAGE = YES_ERROR;
				CLANG_WARN_EMPTY_BODY = YES;
				CLANG_WARN_ENUM_CONVERSION = YES;
				CLANG_WARN_INT_CONVERSION = YES;
				CLANG_WARN_OBJC_ROOT_CLASS = YES_ERROR;
				CLANG_WARN_UNREACHABLE_CODE = YES;
				CLANG_WARN__DUPLICATE_METHOD_MATCH = YES;
				CODE_SIGN_IDENTITY = "-";
				COPY_PHASE_STRIP = NO;
				DEBUG_INFORMATION_FORMAT = "dwarf-with-dsym";
				ENABLE_NS_ASSERTIONS = NO;
				ENABLE_STRICT_OBJC_MSGSEND = YES;
				GCC_C_LANGUAGE_STANDARD = gnu99;
				GCC_NO_COMMON_BLOCKS = YES;
				GCC_WARN_64_TO_32_BIT_CONVERSION = YES;
				GCC_WARN_ABOUT_RETURN_TYPE = YES_ERROR;
				GCC_WARN_UNDECLARED_SELECTOR = YES;
				GCC_WARN_UNINITIALIZED_AUTOS = YES_AGGRESSIVE;
				GCC_WARN_UNUSED_FUNCTION = YES;
				GCC_WARN_UNUSED_VARIABLE = YES;
				MACOSX_DEPLOYMENT_TARGET = 10.11;
				MTL_ENABLE_DEBUG_INFO = NO;
				SDKROOT = macosx;
			};
			name = Release;
		};
		5ACADF051C901E4C00322618 /* Debug */ = {
			isa = XCBuildConfiguration;
			buildSettings = {
				HEADER_SEARCH_PATHS = /usr/local/include;
				LIBRARY_SEARCH_PATHS = (
					"$(inherited)",
					/usr/local/Cellar/glew/1.12.0/lib,
				);
				PRODUCT_NAME = "$(TARGET_NAME)";
			};
			name = Debug;
		};
		5ACADF061C901E4C00322618 /* Release */ = {
			isa = XCBuildConfiguration;
			buildSettings = {
				HEADER_SEARCH_PATHS = /usr/local/include;
				LIBRARY_SEARCH_PATHS = (
					"$(inherited)",
					/usr/local/Cellar/glew/1.12.0/lib,
				);
				PRODUCT_NAME = "$(TARGET_NAME)";
			};
			name = Release;
		};
/* End XCBuildConfiguration section */

/* Begin XCConfigurationList section */
		5ACADEF81C901E4C00322618 /* Build configuration list for PBXProject "wikibook-graph05" */ = {
			isa = XCConfigurationList;
			buildConfigurations = (
				5ACADF021C901E4C00322618 /* Debug */,
				5ACADF031C901E4C00322618 /* Release */,
			);
			defaultConfigurationIsVisible = 0;
			defaultConfigurationName = Release;
		};
		5ACADF041C901E4C00322618 /* Build configuration list for PBXNativeTarget "wikibook-graph05" */ = {
			isa = XCConfigurationList;
			buildConfigurations = (
				5ACADF051C901E4C00322618 /* Debug */,
				5ACADF061C901E4C00322618 /* Release */,
			);
			defaultConfigurationIsVisible = 0;
		};
/* End XCConfigurationList section */
	};
	rootObject = 5ACADEF51C901E4C00322618 /* Project object */;
}
